// !$*UTF8*$!
{
	archiveVersion = 1;
	classes = {
	};
	objectVersion = 46;
	objects = {

/* Begin PBXBuildFile section */
		5D0B2B161D644DC40031AC4B /* HSUHttpRequest.m in Sources */ = {isa = PBXBuildFile; fileRef = 5D0B2B151D644DC40031AC4B /* HSUHttpRequest.m */; };
		5D0B2B171D644DC40031AC4B /* HSUHttpRequest.m in Sources */ = {isa = PBXBuildFile; fileRef = 5D0B2B151D644DC40031AC4B /* HSUHttpRequest.m */; };
		5D0E7B371D5479C30017879D /* main.m in Sources */ = {isa = PBXBuildFile; fileRef = 5D0E7B361D5479C30017879D /* main.m */; };
		5D0E7B3A1D5479C30017879D /* AppDelegate.m in Sources */ = {isa = PBXBuildFile; fileRef = 5D0E7B391D5479C30017879D /* AppDelegate.m */; };
		5D0E7B3D1D5479C30017879D /* ViewController.m in Sources */ = {isa = PBXBuildFile; fileRef = 5D0E7B3C1D5479C30017879D /* ViewController.m */; };
		5D0E7B401D5479C30017879D /* Main.storyboard in Resources */ = {isa = PBXBuildFile; fileRef = 5D0E7B3E1D5479C30017879D /* Main.storyboard */; };
		5D0E7B421D5479C30017879D /* Assets.xcassets in Resources */ = {isa = PBXBuildFile; fileRef = 5D0E7B411D5479C30017879D /* Assets.xcassets */; };
		5D0E7B451D5479C30017879D /* LaunchScreen.storyboard in Resources */ = {isa = PBXBuildFile; fileRef = 5D0E7B431D5479C30017879D /* LaunchScreen.storyboard */; };
		5D0E7B4E1D547EE10017879D /* Calculator.m in Sources */ = {isa = PBXBuildFile; fileRef = 5D0E7B4D1D547EE10017879D /* Calculator.m */; };
		5D0E7B511D5493980017879D /* YORect.m in Sources */ = {isa = PBXBuildFile; fileRef = 5D0E7B501D5493980017879D /* YORect.m */; };
		5D0E7B541D55CD1C0017879D /* Storage.m in Sources */ = {isa = PBXBuildFile; fileRef = 5D0E7B531D55CD1C0017879D /* Storage.m */; };
		5D24C6531D573FC100E349EF /* ContactTableViewController.m in Sources */ = {isa = PBXBuildFile; fileRef = 5D24C6521D573FC100E349EF /* ContactTableViewController.m */; };
		5D24C6581D582F0D00E349EF /* YOParser.m in Sources */ = {isa = PBXBuildFile; fileRef = 5D24C6571D582F0D00E349EF /* YOParser.m */; };
		5D68C92B1D5845B7002FAD50 /* contacts.csv in Resources */ = {isa = PBXBuildFile; fileRef = 5D68C92A1D5845B7002FAD50 /* contacts.csv */; };
		5D7769E41D5AD5E7005E8DAE /* main.m in Sources */ = {isa = PBXBuildFile; fileRef = 5D7769E31D5AD5E7005E8DAE /* main.m */; };
		5D7769E71D5AD5E7005E8DAE /* AppDelegate.m in Sources */ = {isa = PBXBuildFile; fileRef = 5D7769E61D5AD5E7005E8DAE /* AppDelegate.m */; };
		5D7769EA1D5AD5E7005E8DAE /* ViewController.m in Sources */ = {isa = PBXBuildFile; fileRef = 5D7769E91D5AD5E7005E8DAE /* ViewController.m */; };
		5D7769ED1D5AD5E7005E8DAE /* Main.storyboard in Resources */ = {isa = PBXBuildFile; fileRef = 5D7769EB1D5AD5E7005E8DAE /* Main.storyboard */; };
		5D7769EF1D5AD5E7005E8DAE /* Assets.xcassets in Resources */ = {isa = PBXBuildFile; fileRef = 5D7769EE1D5AD5E7005E8DAE /* Assets.xcassets */; };
		5D7769F21D5AD5E7005E8DAE /* LaunchScreen.storyboard in Resources */ = {isa = PBXBuildFile; fileRef = 5D7769F01D5AD5E7005E8DAE /* LaunchScreen.storyboard */; };
		5D7769F71D5AD5F4005E8DAE /* Storage.m in Sources */ = {isa = PBXBuildFile; fileRef = 5D0E7B531D55CD1C0017879D /* Storage.m */; };
		5D7769F81D5AD5F7005E8DAE /* YOParser.m in Sources */ = {isa = PBXBuildFile; fileRef = 5D24C6571D582F0D00E349EF /* YOParser.m */; };
		5D7769F91D5AD5FB005E8DAE /* YOContact.m in Sources */ = {isa = PBXBuildFile; fileRef = 5D993AD31D5A2828006665DA /* YOContact.m */; };
		5D7769FA1D5B435E005E8DAE /* contacts.csv in Resources */ = {isa = PBXBuildFile; fileRef = 5D68C92A1D5845B7002FAD50 /* contacts.csv */; };
		5D993AD41D5A2828006665DA /* YOContact.m in Sources */ = {isa = PBXBuildFile; fileRef = 5D993AD31D5A2828006665DA /* YOContact.m */; };
/* End PBXBuildFile section */

/* Begin PBXFileReference section */
		5D0B2B141D644DC40031AC4B /* HSUHttpRequest.h */ = {isa = PBXFileReference; fileEncoding = 4; lastKnownFileType = sourcecode.c.h; path = HSUHttpRequest.h; sourceTree = "<group>"; };
		5D0B2B151D644DC40031AC4B /* HSUHttpRequest.m */ = {isa = PBXFileReference; fileEncoding = 4; lastKnownFileType = sourcecode.c.objc; path = HSUHttpRequest.m; sourceTree = "<group>"; };
		5D0E7B321D5479C30017879D /* Contacts.app */ = {isa = PBXFileReference; explicitFileType = wrapper.application; includeInIndex = 0; path = Contacts.app; sourceTree = BUILT_PRODUCTS_DIR; };
		5D0E7B361D5479C30017879D /* main.m */ = {isa = PBXFileReference; lastKnownFileType = sourcecode.c.objc; path = main.m; sourceTree = "<group>"; };
		5D0E7B381D5479C30017879D /* AppDelegate.h */ = {isa = PBXFileReference; lastKnownFileType = sourcecode.c.h; path = AppDelegate.h; sourceTree = "<group>"; };
		5D0E7B391D5479C30017879D /* AppDelegate.m */ = {isa = PBXFileReference; lastKnownFileType = sourcecode.c.objc; path = AppDelegate.m; sourceTree = "<group>"; };
		5D0E7B3B1D5479C30017879D /* ViewController.h */ = {isa = PBXFileReference; lastKnownFileType = sourcecode.c.h; name = ViewController.h; path = ViewController/ViewController.h; sourceTree = "<group>"; };
		5D0E7B3C1D5479C30017879D /* ViewController.m */ = {isa = PBXFileReference; lastKnownFileType = sourcecode.c.objc; name = ViewController.m; path = ViewController/ViewController.m; sourceTree = "<group>"; };
		5D0E7B3F1D5479C30017879D /* Base */ = {isa = PBXFileReference; lastKnownFileType = file.storyboard; name = Base; path = Base.lproj/Main.storyboard; sourceTree = "<group>"; };
		5D0E7B411D5479C30017879D /* Assets.xcassets */ = {isa = PBXFileReference; lastKnownFileType = folder.assetcatalog; path = Assets.xcassets; sourceTree = "<group>"; };
		5D0E7B441D5479C30017879D /* Base */ = {isa = PBXFileReference; lastKnownFileType = file.storyboard; name = Base; path = Base.lproj/LaunchScreen.storyboard; sourceTree = "<group>"; };
		5D0E7B461D5479C30017879D /* Info.plist */ = {isa = PBXFileReference; lastKnownFileType = text.plist.xml; path = Info.plist; sourceTree = "<group>"; };
		5D0E7B4C1D547EE10017879D /* calculator.h */ = {isa = PBXFileReference; fileEncoding = 4; lastKnownFileType = sourcecode.c.h; name = calculator.h; path = Model/calculator.h; sourceTree = "<group>"; };
		5D0E7B4D1D547EE10017879D /* Calculator.m */ = {isa = PBXFileReference; fileEncoding = 4; lastKnownFileType = sourcecode.c.objc; name = Calculator.m; path = Model/Calculator.m; sourceTree = "<group>"; };
		5D0E7B4F1D5493980017879D /* YORect.h */ = {isa = PBXFileReference; fileEncoding = 4; lastKnownFileType = sourcecode.c.h; name = YORect.h; path = Model/YORect.h; sourceTree = "<group>"; };
		5D0E7B501D5493980017879D /* YORect.m */ = {isa = PBXFileReference; fileEncoding = 4; lastKnownFileType = sourcecode.c.objc; name = YORect.m; path = Model/YORect.m; sourceTree = "<group>"; };
		5D0E7B521D55CD1C0017879D /* Storage.h */ = {isa = PBXFileReference; fileEncoding = 4; lastKnownFileType = sourcecode.c.h; name = Storage.h; path = Model/Storage.h; sourceTree = "<group>"; };
		5D0E7B531D55CD1C0017879D /* Storage.m */ = {isa = PBXFileReference; fileEncoding = 4; lastKnownFileType = sourcecode.c.objc; name = Storage.m; path = Model/Storage.m; sourceTree = "<group>"; };
		5D24C6511D573FC100E349EF /* ContactTableViewController.h */ = {isa = PBXFileReference; fileEncoding = 4; lastKnownFileType = sourcecode.c.h; name = ContactTableViewController.h; path = ViewController/ContactTableViewController.h; sourceTree = "<group>"; };
		5D24C6521D573FC100E349EF /* ContactTableViewController.m */ = {isa = PBXFileReference; fileEncoding = 4; lastKnownFileType = sourcecode.c.objc; name = ContactTableViewController.m; path = ViewController/ContactTableViewController.m; sourceTree = "<group>"; };
		5D24C6561D582F0D00E349EF /* YOParser.h */ = {isa = PBXFileReference; fileEncoding = 4; lastKnownFileType = sourcecode.c.h; name = YOParser.h; path = Model/YOParser.h; sourceTree = "<group>"; };
		5D24C6571D582F0D00E349EF /* YOParser.m */ = {isa = PBXFileReference; fileEncoding = 4; lastKnownFileType = sourcecode.c.objc; name = YOParser.m; path = Model/YOParser.m; sourceTree = "<group>"; };
		5D68C92A1D5845B7002FAD50 /* contacts.csv */ = {isa = PBXFileReference; fileEncoding = 4; lastKnownFileType = text; path = contacts.csv; sourceTree = "<group>"; };
		5D7769E01D5AD5E7005E8DAE /* CapsuleSample.app */ = {isa = PBXFileReference; explicitFileType = wrapper.application; includeInIndex = 0; path = CapsuleSample.app; sourceTree = BUILT_PRODUCTS_DIR; };
		5D7769E31D5AD5E7005E8DAE /* main.m */ = {isa = PBXFileReference; lastKnownFileType = sourcecode.c.objc; path = main.m; sourceTree = "<group>"; };
		5D7769E51D5AD5E7005E8DAE /* AppDelegate.h */ = {isa = PBXFileReference; lastKnownFileType = sourcecode.c.h; path = AppDelegate.h; sourceTree = "<group>"; };
		5D7769E61D5AD5E7005E8DAE /* AppDelegate.m */ = {isa = PBXFileReference; lastKnownFileType = sourcecode.c.objc; path = AppDelegate.m; sourceTree = "<group>"; };
		5D7769E81D5AD5E7005E8DAE /* ViewController.h */ = {isa = PBXFileReference; lastKnownFileType = sourcecode.c.h; path = ViewController.h; sourceTree = "<group>"; };
		5D7769E91D5AD5E7005E8DAE /* ViewController.m */ = {isa = PBXFileReference; lastKnownFileType = sourcecode.c.objc; path = ViewController.m; sourceTree = "<group>"; };
		5D7769EC1D5AD5E7005E8DAE /* Base */ = {isa = PBXFileReference; lastKnownFileType = file.storyboard; name = Base; path = Base.lproj/Main.storyboard; sourceTree = "<group>"; };
		5D7769EE1D5AD5E7005E8DAE /* Assets.xcassets */ = {isa = PBXFileReference; lastKnownFileType = folder.assetcatalog; path = Assets.xcassets; sourceTree = "<group>"; };
		5D7769F11D5AD5E7005E8DAE /* Base */ = {isa = PBXFileReference; lastKnownFileType = file.storyboard; name = Base; path = Base.lproj/LaunchScreen.storyboard; sourceTree = "<group>"; };
		5D7769F31D5AD5E7005E8DAE /* Info.plist */ = {isa = PBXFileReference; lastKnownFileType = text.plist.xml; path = Info.plist; sourceTree = "<group>"; };
		5D993AD21D5A2828006665DA /* YOContact.h */ = {isa = PBXFileReference; fileEncoding = 4; lastKnownFileType = sourcecode.c.h; name = YOContact.h; path = Model/YOContact.h; sourceTree = "<group>"; };
		5D993AD31D5A2828006665DA /* YOContact.m */ = {isa = PBXFileReference; fileEncoding = 4; lastKnownFileType = sourcecode.c.objc; name = YOContact.m; path = Model/YOContact.m; sourceTree = "<group>"; };
/* End PBXFileReference section */

/* Begin PBXFrameworksBuildPhase section */
		5D0E7B2F1D5479C30017879D /* Frameworks */ = {
			isa = PBXFrameworksBuildPhase;
			buildActionMask = 2147483647;
			files = (
			);
			runOnlyForDeploymentPostprocessing = 0;
		};
		5D7769DD1D5AD5E7005E8DAE /* Frameworks */ = {
			isa = PBXFrameworksBuildPhase;
			buildActionMask = 2147483647;
			files = (
			);
			runOnlyForDeploymentPostprocessing = 0;
		};
/* End PBXFrameworksBuildPhase section */

/* Begin PBXGroup section */
		5D0E7B291D5479C30017879D = {
			isa = PBXGroup;
			children = (
				5D0E7B341D5479C30017879D /* Calculator */,
				5D7769E11D5AD5E7005E8DAE /* CapsuleSample */,
				5D0E7B331D5479C30017879D /* Products */,
			);
			sourceTree = "<group>";
		};
		5D0E7B331D5479C30017879D /* Products */ = {
			isa = PBXGroup;
			children = (
				5D0E7B321D5479C30017879D /* Contacts.app */,
				5D7769E01D5AD5E7005E8DAE /* CapsuleSample.app */,
			);
			name = Products;
			sourceTree = "<group>";
		};
		5D0E7B341D5479C30017879D /* Calculator */ = {
			isa = PBXGroup;
			children = (
				5D0E7B381D5479C30017879D /* AppDelegate.h */,
				5D0E7B391D5479C30017879D /* AppDelegate.m */,
				5D0E7B3E1D5479C30017879D /* Main.storyboard */,
				5D68C92A1D5845B7002FAD50 /* contacts.csv */,
				5D24C6551D57778500E349EF /* ViewController */,
				5D24C6541D57742400E349EF /* Model */,
				5D0E7B411D5479C30017879D /* Assets.xcassets */,
				5D0E7B431D5479C30017879D /* LaunchScreen.storyboard */,
				5D0E7B461D5479C30017879D /* Info.plist */,
				5D0E7B351D5479C30017879D /* Supporting Files */,
			);
			path = Calculator;
			sourceTree = "<group>";
		};
		5D0E7B351D5479C30017879D /* Supporting Files */ = {
			isa = PBXGroup;
			children = (
				5D0E7B361D5479C30017879D /* main.m */,
			);
			name = "Supporting Files";
			sourceTree = "<group>";
		};
		5D24C6541D57742400E349EF /* Model */ = {
			isa = PBXGroup;
			children = (
				5D0E7B521D55CD1C0017879D /* Storage.h */,
				5D0E7B531D55CD1C0017879D /* Storage.m */,
				5D24C6561D582F0D00E349EF /* YOParser.h */,
				5D24C6571D582F0D00E349EF /* YOParser.m */,
				5D993AD21D5A2828006665DA /* YOContact.h */,
				5D993AD31D5A2828006665DA /* YOContact.m */,
				5D0B2B141D644DC40031AC4B /* HSUHttpRequest.h */,
				5D0B2B151D644DC40031AC4B /* HSUHttpRequest.m */,
				5D0E7B4C1D547EE10017879D /* calculator.h */,
				5D0E7B4D1D547EE10017879D /* Calculator.m */,
				5D0E7B4F1D5493980017879D /* YORect.h */,
				5D0E7B501D5493980017879D /* YORect.m */,
			);
			name = Model;
			sourceTree = "<group>";
		};
		5D24C6551D57778500E349EF /* ViewController */ = {
			isa = PBXGroup;
			children = (
				5D24C6511D573FC100E349EF /* ContactTableViewController.h */,
				5D24C6521D573FC100E349EF /* ContactTableViewController.m */,
				5D0E7B3B1D5479C30017879D /* ViewController.h */,
				5D0E7B3C1D5479C30017879D /* ViewController.m */,
			);
			name = ViewController;
			sourceTree = "<group>";
		};
		5D7769E11D5AD5E7005E8DAE /* CapsuleSample */ = {
			isa = PBXGroup;
			children = (
				5D7769E51D5AD5E7005E8DAE /* AppDelegate.h */,
				5D7769E61D5AD5E7005E8DAE /* AppDelegate.m */,
				5D7769E81D5AD5E7005E8DAE /* ViewController.h */,
				5D7769E91D5AD5E7005E8DAE /* ViewController.m */,
				5D7769EB1D5AD5E7005E8DAE /* Main.storyboard */,
				5D7769EE1D5AD5E7005E8DAE /* Assets.xcassets */,
				5D7769F01D5AD5E7005E8DAE /* LaunchScreen.storyboard */,
				5D7769F31D5AD5E7005E8DAE /* Info.plist */,
				5D7769E21D5AD5E7005E8DAE /* Supporting Files */,
			);
			path = CapsuleSample;
			sourceTree = "<group>";
		};
		5D7769E21D5AD5E7005E8DAE /* Supporting Files */ = {
			isa = PBXGroup;
			children = (
				5D7769E31D5AD5E7005E8DAE /* main.m */,
			);
			name = "Supporting Files";
			sourceTree = "<group>";
		};
/* End PBXGroup section */

/* Begin PBXNativeTarget section */
		5D0E7B311D5479C30017879D /* Contacts */ = {
			isa = PBXNativeTarget;
			buildConfigurationList = 5D0E7B491D5479C30017879D /* Build configuration list for PBXNativeTarget "Contacts" */;
			buildPhases = (
				5D0E7B2E1D5479C30017879D /* Sources */,
				5D0E7B2F1D5479C30017879D /* Frameworks */,
				5D0E7B301D5479C30017879D /* Resources */,
			);
			buildRules = (
			);
			dependencies = (
			);
			name = Contacts;
			productName = Calculator;
			productReference = 5D0E7B321D5479C30017879D /* Contacts.app */;
			productType = "com.apple.product-type.application";
		};
		5D7769DF1D5AD5E7005E8DAE /* CapsuleSample */ = {
			isa = PBXNativeTarget;
			buildConfigurationList = 5D7769F61D5AD5E7005E8DAE /* Build configuration list for PBXNativeTarget "CapsuleSample" */;
			buildPhases = (
				5D7769DC1D5AD5E7005E8DAE /* Sources */,
				5D7769DD1D5AD5E7005E8DAE /* Frameworks */,
				5D7769DE1D5AD5E7005E8DAE /* Resources */,
			);
			buildRules = (
			);
			dependencies = (
			);
			name = CapsuleSample;
			productName = CapsuleSample;
			productReference = 5D7769E01D5AD5E7005E8DAE /* CapsuleSample.app */;
			productType = "com.apple.product-type.application";
		};
/* End PBXNativeTarget section */

/* Begin PBXProject section */
		5D0E7B2A1D5479C30017879D /* Project object */ = {
			isa = PBXProject;
			attributes = {
				LastUpgradeCheck = 0730;
				ORGANIZATIONNAME = "Peter Hsu";
				TargetAttributes = {
					5D0E7B311D5479C30017879D = {
						CreatedOnToolsVersion = 7.3;
					};
					5D7769DF1D5AD5E7005E8DAE = {
						CreatedOnToolsVersion = 7.3;
					};
				};
			};
			buildConfigurationList = 5D0E7B2D1D5479C30017879D /* Build configuration list for PBXProject "Contacts" */;
			compatibilityVersion = "Xcode 3.2";
			developmentRegion = English;
			hasScannedForEncodings = 0;
			knownRegions = (
				en,
				Base,
			);
			mainGroup = 5D0E7B291D5479C30017879D;
			productRefGroup = 5D0E7B331D5479C30017879D /* Products */;
			projectDirPath = "";
			projectRoot = "";
			targets = (
				5D0E7B311D5479C30017879D /* Contacts */,
				5D7769DF1D5AD5E7005E8DAE /* CapsuleSample */,
			);
		};
/* End PBXProject section */

/* Begin PBXResourcesBuildPhase section */
		5D0E7B301D5479C30017879D /* Resources */ = {
			isa = PBXResourcesBuildPhase;
			buildActionMask = 2147483647;
			files = (
				5D0E7B451D5479C30017879D /* LaunchScreen.storyboard in Resources */,
				5D68C92B1D5845B7002FAD50 /* contacts.csv in Resources */,
				5D0E7B421D5479C30017879D /* Assets.xcassets in Resources */,
				5D0E7B401D5479C30017879D /* Main.storyboard in Resources */,
			);
			runOnlyForDeploymentPostprocessing = 0;
		};
		5D7769DE1D5AD5E7005E8DAE /* Resources */ = {
			isa = PBXResourcesBuildPhase;
			buildActionMask = 2147483647;
			files = (
				5D7769F21D5AD5E7005E8DAE /* LaunchScreen.storyboard in Resources */,
				5D7769FA1D5B435E005E8DAE /* contacts.csv in Resources */,
				5D7769EF1D5AD5E7005E8DAE /* Assets.xcassets in Resources */,
				5D7769ED1D5AD5E7005E8DAE /* Main.storyboard in Resources */,
			);
			runOnlyForDeploymentPostprocessing = 0;
		};
/* End PBXResourcesBuildPhase section */

/* Begin PBXSourcesBuildPhase section */
		5D0E7B2E1D5479C30017879D /* Sources */ = {
			isa = PBXSourcesBuildPhase;
			buildActionMask = 2147483647;
			files = (
				5D0E7B3D1D5479C30017879D /* ViewController.m in Sources */,
				5D24C6531D573FC100E349EF /* ContactTableViewController.m in Sources */,
				5D24C6581D582F0D00E349EF /* YOParser.m in Sources */,
				5D993AD41D5A2828006665DA /* YOContact.m in Sources */,
				5D0E7B4E1D547EE10017879D /* Calculator.m in Sources */,
				5D0E7B3A1D5479C30017879D /* AppDelegate.m in Sources */,
				5D0E7B511D5493980017879D /* YORect.m in Sources */,
				5D0E7B371D5479C30017879D /* main.m in Sources */,
				5D0B2B161D644DC40031AC4B /* HSUHttpRequest.m in Sources */,
				5D0E7B541D55CD1C0017879D /* Storage.m in Sources */,
			);
			runOnlyForDeploymentPostprocessing = 0;
		};
		5D7769DC1D5AD5E7005E8DAE /* Sources */ = {
			isa = PBXSourcesBuildPhase;
			buildActionMask = 2147483647;
			files = (
				5D7769F91D5AD5FB005E8DAE /* YOContact.m in Sources */,
				5D7769EA1D5AD5E7005E8DAE /* ViewController.m in Sources */,
				5D7769F71D5AD5F4005E8DAE /* Storage.m in Sources */,
				5D7769E71D5AD5E7005E8DAE /* AppDelegate.m in Sources */,
				5D7769F81D5AD5F7005E8DAE /* YOParser.m in Sources */,
				5D0B2B171D644DC40031AC4B /* HSUHttpRequest.m in Sources */,
				5D7769E41D5AD5E7005E8DAE /* main.m in Sources */,
			);
			runOnlyForDeploymentPostprocessing = 0;
		};
/* End PBXSourcesBuildPhase section */

/* Begin PBXVariantGroup section */
		5D0E7B3E1D5479C30017879D /* Main.storyboard */ = {
			isa = PBXVariantGroup;
			children = (
				5D0E7B3F1D5479C30017879D /* Base */,
			);
			name = Main.storyboard;
			sourceTree = "<group>";
		};
		5D0E7B431D5479C30017879D /* LaunchScreen.storyboard */ = {
			isa = PBXVariantGroup;
			children = (
				5D0E7B441D5479C30017879D /* Base */,
			);
			name = LaunchScreen.storyboard;
			sourceTree = "<group>";
		};
		5D7769EB1D5AD5E7005E8DAE /* Main.storyboard */ = {
			isa = PBXVariantGroup;
			children = (
				5D7769EC1D5AD5E7005E8DAE /* Base */,
			);
			name = Main.storyboard;
			sourceTree = "<group>";
		};
		5D7769F01D5AD5E7005E8DAE /* LaunchScreen.storyboard */ = {
			isa = PBXVariantGroup;
			children = (
				5D7769F11D5AD5E7005E8DAE /* Base */,
			);
			name = LaunchScreen.storyboard;
			sourceTree = "<group>";
		};
/* End PBXVariantGroup section */

/* Begin XCBuildConfiguration section */
		5D0E7B471D5479C30017879D /* Debug */ = {
			isa = XCBuildConfiguration;
			buildSettings = {
				ALWAYS_SEARCH_USER_PATHS = NO;
				CLANG_ANALYZER_NONNULL = YES;
				CLANG_CXX_LANGUAGE_STANDARD = "gnu++0x";
				CLANG_CXX_LIBRARY = "libc++";
				CLANG_ENABLE_MODULES = YES;
				CLANG_ENABLE_OBJC_ARC = YES;
				CLANG_WARN_BOOL_CONVERSION = YES;
				CLANG_WARN_CONSTANT_CONVERSION = YES;
				CLANG_WARN_DIRECT_OBJC_ISA_USAGE = YES_ERROR;
				CLANG_WARN_EMPTY_BODY = YES;
				CLANG_WARN_ENUM_CONVERSION = YES;
				CLANG_WARN_INT_CONVERSION = YES;
				CLANG_WARN_OBJC_ROOT_CLASS = YES_ERROR;
				CLANG_WARN_UNREACHABLE_CODE = YES;
				CLANG_WARN__DUPLICATE_METHOD_MATCH = YES;
				"CODE_SIGN_IDENTITY[sdk=iphoneos*]" = "iPhone Developer";
				COPY_PHASE_STRIP = NO;
				DEBUG_INFORMATION_FORMAT = dwarf;
				ENABLE_STRICT_OBJC_MSGSEND = YES;
				ENABLE_TESTABILITY = YES;
				GCC_C_LANGUAGE_STANDARD = gnu99;
				GCC_DYNAMIC_NO_PIC = NO;
				GCC_NO_COMMON_BLOCKS = YES;
				GCC_OPTIMIZATION_LEVEL = 0;
				GCC_PREPROCESSOR_DEFINITIONS = (
					"DEBUG=1",
					"$(inherited)",
				);
				GCC_WARN_64_TO_32_BIT_CONVERSION = YES;
				GCC_WARN_ABOUT_RETURN_TYPE = YES_ERROR;
				GCC_WARN_UNDECLARED_SELECTOR = YES;
				GCC_WARN_UNINITIALIZED_AUTOS = YES_AGGRESSIVE;
				GCC_WARN_UNUSED_FUNCTION = YES;
				GCC_WARN_UNUSED_VARIABLE = YES;
				IPHONEOS_DEPLOYMENT_TARGET = 9.3;
				MTL_ENABLE_DEBUG_INFO = YES;
				ONLY_ACTIVE_ARCH = YES;
				SDKROOT = iphoneos;
				TARGETED_DEVICE_FAMILY = "1,2";
			};
			name = Debug;
		};
		5D0E7B481D5479C30017879D /* Release */ = {
			isa = XCBuildConfiguration;
			buildSettings = {
				ALWAYS_SEARCH_USER_PATHS = NO;
				CLANG_ANALYZER_NONNULL = YES;
				CLANG_CXX_LANGUAGE_STANDARD = "gnu++0x";
				CLANG_CXX_LIBRARY = "libc++";
				CLANG_ENABLE_MODULES = YES;
				CLANG_ENABLE_OBJC_ARC = YES;
				CLANG_WARN_BOOL_CONVERSION = YES;
				CLANG_WARN_CONSTANT_CONVERSION = YES;
				CLANG_WARN_DIRECT_OBJC_ISA_USAGE = YES_ERROR;
				CLANG_WARN_EMPTY_BODY = YES;
				CLANG_WARN_ENUM_CONVERSION = YES;
				CLANG_WARN_INT_CONVERSION = YES;
				CLANG_WARN_OBJC_ROOT_CLASS = YES_ERROR;
				CLANG_WARN_UNREACHABLE_CODE = YES;
				CLANG_WARN__DUPLICATE_METHOD_MATCH = YES;
				"CODE_SIGN_IDENTITY[sdk=iphoneos*]" = "iPhone Developer";
				COPY_PHASE_STRIP = NO;
				DEBUG_INFORMATION_FORMAT = "dwarf-with-dsym";
				ENABLE_NS_ASSERTIONS = NO;
				ENABLE_STRICT_OBJC_MSGSEND = YES;
				GCC_C_LANGUAGE_STANDARD = gnu99;
				GCC_NO_COMMON_BLOCKS = YES;
				GCC_WARN_64_TO_32_BIT_CONVERSION = YES;
				GCC_WARN_ABOUT_RETURN_TYPE = YES_ERROR;
				GCC_WARN_UNDECLARED_SELECTOR = YES;
				GCC_WARN_UNINITIALIZED_AUTOS = YES_AGGRESSIVE;
				GCC_WARN_UNUSED_FUNCTION = YES;
				GCC_WARN_UNUSED_VARIABLE = YES;
				IPHONEOS_DEPLOYMENT_TARGET = 9.3;
				MTL_ENABLE_DEBUG_INFO = NO;
				SDKROOT = iphoneos;
				TARGETED_DEVICE_FAMILY = "1,2";
				VALIDATE_PRODUCT = YES;
			};
			name = Release;
		};
		5D0E7B4A1D5479C30017879D /* Debug */ = {
			isa = XCBuildConfiguration;
			buildSettings = {
				ASSETCATALOG_COMPILER_APPICON_NAME = AppIcon;
				INFOPLIST_FILE = Calculator/Info.plist;
				LD_RUNPATH_SEARCH_PATHS = "$(inherited) @executable_path/Frameworks";
				PRODUCT_BUNDLE_IDENTIFIER = com.peter.Calculator;
				PRODUCT_NAME = Contacts;
			};
			name = Debug;
		};
		5D0E7B4B1D5479C30017879D /* Release */ = {
			isa = XCBuildConfiguration;
			buildSettings = {
				ASSETCATALOG_COMPILER_APPICON_NAME = AppIcon;
				INFOPLIST_FILE = Calculator/Info.plist;
				LD_RUNPATH_SEARCH_PATHS = "$(inherited) @executable_path/Frameworks";
				PRODUCT_BUNDLE_IDENTIFIER = com.peter.Calculator;
				PRODUCT_NAME = Contacts;
			};
			name = Release;
		};
		5D7769F41D5AD5E7005E8DAE /* Debug */ = {
			isa = XCBuildConfiguration;
			buildSettings = {
				ASSETCATALOG_COMPILER_APPICON_NAME = AppIcon;
				INFOPLIST_FILE = CapsuleSample/Info.plist;
				LD_RUNPATH_SEARCH_PATHS = "$(inherited) @executable_path/Frameworks";
				PRODUCT_BUNDLE_IDENTIFIER = com.peter.CapsuleSample;
				PRODUCT_NAME = "$(TARGET_NAME)";
			};
			name = Debug;
		};
		5D7769F51D5AD5E7005E8DAE /* Release */ = {
			isa = XCBuildConfiguration;
			buildSettings = {
				ASSETCATALOG_COMPILER_APPICON_NAME = AppIcon;
				INFOPLIST_FILE = CapsuleSample/Info.plist;
				LD_RUNPATH_SEARCH_PATHS = "$(inherited) @executable_path/Frameworks";
				PRODUCT_BUNDLE_IDENTIFIER = com.peter.CapsuleSample;
				PRODUCT_NAME = "$(TARGET_NAME)";
			};
			name = Release;
		};
/* End XCBuildConfiguration section */

/* Begin XCConfigurationList section */
		5D0E7B2D1D5479C30017879D /* Build configuration list for PBXProject "Contacts" */ = {
			isa = XCConfigurationList;
			buildConfigurations = (
				5D0E7B471D5479C30017879D /* Debug */,
				5D0E7B481D5479C30017879D /* Release */,
			);
			defaultConfigurationIsVisible = 0;
			defaultConfigurationName = Release;
		};
		5D0E7B491D5479C30017879D /* Build configuration list for PBXNativeTarget "Contacts" */ = {
			isa = XCConfigurationList;
			buildConfigurations = (
				5D0E7B4A1D5479C30017879D /* Debug */,
				5D0E7B4B1D5479C30017879D /* Release */,
			);
			defaultConfigurationIsVisible = 0;
			defaultConfigurationName = Release;
		};
		5D7769F61D5AD5E7005E8DAE /* Build configuration list for PBXNativeTarget "CapsuleSample" */ = {
			isa = XCConfigurationList;
			buildConfigurations = (
				5D7769F41D5AD5E7005E8DAE /* Debug */,
				5D7769F51D5AD5E7005E8DAE /* Release */,
			);
			defaultConfigurationIsVisible = 0;
			defaultConfigurationName = Release;
		};
/* End XCConfigurationList section */
	};
	rootObject = 5D0E7B2A1D5479C30017879D /* Project object */;
}
