// !$*UTF8*$!
{
	archiveVersion = 1;
	classes = {
	};
	objectVersion = 46;
	objects = {

/* Begin PBXBuildFile section */
		5D0E7B371D5479C30017879D /* main.m in Sources */ = {isa = PBXBuildFile; fileRef = 5D0E7B361D5479C30017879D /* main.m */; };
		5D0E7B3A1D5479C30017879D /* AppDelegate.m in Sources */ = {isa = PBXBuildFile; fileRef = 5D0E7B391D5479C30017879D /* AppDelegate.m */; };
		5D0E7B3D1D5479C30017879D /* ViewController.m in Sources */ = {isa = PBXBuildFile; fileRef = 5D0E7B3C1D5479C30017879D /* ViewController.m */; };
		5D0E7B401D5479C30017879D /* Main.storyboard in Resources */ = {isa = PBXBuildFile; fileRef = 5D0E7B3E1D5479C30017879D /* Main.storyboard */; };
		5D0E7B421D5479C30017879D /* Assets.xcassets in Resources */ = {isa = PBXBuildFile; fileRef = 5D0E7B411D5479C30017879D /* Assets.xcassets */; };
		5D0E7B451D5479C30017879D /* LaunchScreen.storyboard in Resources */ = {isa = PBXBuildFile; fileRef = 5D0E7B431D5479C30017879D /* LaunchScreen.storyboard */; };
		5D0E7B4E1D547EE10017879D /* Calculator.m in Sources */ = {isa = PBXBuildFile; fileRef = 5D0E7B4D1D547EE10017879D /* Calculator.m */; };
		5D0E7B511D5493980017879D /* YORect.m in Sources */ = {isa = PBXBuildFile; fileRef = 5D0E7B501D5493980017879D /* YORect.m */; };
		5D0E7B541D55CD1C0017879D /* Storage.m in Sources */ = {isa = PBXBuildFile; fileRef = 5D0E7B531D55CD1C0017879D /* Storage.m */; };
/* End PBXBuildFile section */

/* Begin PBXFileReference section */
		5D0E7B321D5479C30017879D /* Calculator.app */ = {isa = PBXFileReference; explicitFileType = wrapper.application; includeInIndex = 0; path = Calculator.app; sourceTree = BUILT_PRODUCTS_DIR; };
		5D0E7B361D5479C30017879D /* main.m */ = {isa = PBXFileReference; lastKnownFileType = sourcecode.c.objc; path = main.m; sourceTree = "<group>"; };
		5D0E7B381D5479C30017879D /* AppDelegate.h */ = {isa = PBXFileReference; lastKnownFileType = sourcecode.c.h; path = AppDelegate.h; sourceTree = "<group>"; };
		5D0E7B391D5479C30017879D /* AppDelegate.m */ = {isa = PBXFileReference; lastKnownFileType = sourcecode.c.objc; path = AppDelegate.m; sourceTree = "<group>"; };
		5D0E7B3B1D5479C30017879D /* ViewController.h */ = {isa = PBXFileReference; lastKnownFileType = sourcecode.c.h; path = ViewController.h; sourceTree = "<group>"; };
		5D0E7B3C1D5479C30017879D /* ViewController.m */ = {isa = PBXFileReference; lastKnownFileType = sourcecode.c.objc; path = ViewController.m; sourceTree = "<group>"; };
		5D0E7B3F1D5479C30017879D /* Base */ = {isa = PBXFileReference; lastKnownFileType = file.storyboard; name = Base; path = Base.lproj/Main.storyboard; sourceTree = "<group>"; };
		5D0E7B411D5479C30017879D /* Assets.xcassets */ = {isa = PBXFileReference; lastKnownFileType = folder.assetcatalog; path = Assets.xcassets; sourceTree = "<group>"; };
		5D0E7B441D5479C30017879D /* Base */ = {isa = PBXFileReference; lastKnownFileType = file.storyboard; name = Base; path = Base.lproj/LaunchScreen.storyboard; sourceTree = "<group>"; };
		5D0E7B461D5479C30017879D /* Info.plist */ = {isa = PBXFileReference; lastKnownFileType = text.plist.xml; path = Info.plist; sourceTree = "<group>"; };
		5D0E7B4C1D547EE10017879D /* Calculator.h */ = {isa = PBXFileReference; fileEncoding = 4; lastKnownFileType = sourcecode.c.h; path = Calculator.h; sourceTree = "<group>"; };
		5D0E7B4D1D547EE10017879D /* Calculator.m */ = {isa = PBXFileReference; fileEncoding = 4; lastKnownFileType = sourcecode.c.objc; path = Calculator.m; sourceTree = "<group>"; };
		5D0E7B4F1D5493980017879D /* YORect.h */ = {isa = PBXFileReference; fileEncoding = 4; lastKnownFileType = sourcecode.c.h; path = YORect.h; sourceTree = "<group>"; };
		5D0E7B501D5493980017879D /* YORect.m */ = {isa = PBXFileReference; fileEncoding = 4; lastKnownFileType = sourcecode.c.objc; path = YORect.m; sourceTree = "<group>"; };
		5D0E7B521D55CD1C0017879D /* Storage.h */ = {isa = PBXFileReference; fileEncoding = 4; lastKnownFileType = sourcecode.c.h; path = Storage.h; sourceTree = "<group>"; };
		5D0E7B531D55CD1C0017879D /* Storage.m */ = {isa = PBXFileReference; fileEncoding = 4; lastKnownFileType = sourcecode.c.objc; path = Storage.m; sourceTree = "<group>"; };
/* End PBXFileReference section */

/* Begin PBXFrameworksBuildPhase section */
		5D0E7B2F1D5479C30017879D /* Frameworks */ = {
			isa = PBXFrameworksBuildPhase;
			buildActionMask = 2147483647;
			files = (
			);
			runOnlyForDeploymentPostprocessing = 0;
		};
/* End PBXFrameworksBuildPhase section */

/* Begin PBXGroup section */
		5D0E7B291D5479C30017879D = {
			isa = PBXGroup;
			children = (
				5D0E7B341D5479C30017879D /* Calculator */,
				5D0E7B331D5479C30017879D /* Products */,
			);
			sourceTree = "<group>";
		};
		5D0E7B331D5479C30017879D /* Products */ = {
			isa = PBXGroup;
			children = (
				5D0E7B321D5479C30017879D /* Calculator.app */,
			);
			name = Products;
			sourceTree = "<group>";
		};
		5D0E7B341D5479C30017879D /* Calculator */ = {
			isa = PBXGroup;
			children = (
				5D0E7B381D5479C30017879D /* AppDelegate.h */,
				5D0E7B391D5479C30017879D /* AppDelegate.m */,
				5D0E7B3B1D5479C30017879D /* ViewController.h */,
				5D0E7B3C1D5479C30017879D /* ViewController.m */,
				5D0E7B4F1D5493980017879D /* YORect.h */,
				5D0E7B501D5493980017879D /* YORect.m */,
				5D0E7B4C1D547EE10017879D /* Calculator.h */,
				5D0E7B4D1D547EE10017879D /* Calculator.m */,
				5D0E7B521D55CD1C0017879D /* Storage.h */,
				5D0E7B531D55CD1C0017879D /* Storage.m */,
				5D0E7B3E1D5479C30017879D /* Main.storyboard */,
				5D0E7B411D5479C30017879D /* Assets.xcassets */,
				5D0E7B431D5479C30017879D /* LaunchScreen.storyboard */,
				5D0E7B461D5479C30017879D /* Info.plist */,
				5D0E7B351D5479C30017879D /* Supporting Files */,
			);
			path = Calculator;
			sourceTree = "<group>";
		};
		5D0E7B351D5479C30017879D /* Supporting Files */ = {
			isa = PBXGroup;
			children = (
				5D0E7B361D5479C30017879D /* main.m */,
			);
			name = "Supporting Files";
			sourceTree = "<group>";
		};
/* End PBXGroup section */

/* Begin PBXNativeTarget section */
		5D0E7B311D5479C30017879D /* Calculator */ = {
			isa = PBXNativeTarget;
			buildConfigurationList = 5D0E7B491D5479C30017879D /* Build configuration list for PBXNativeTarget "Calculator" */;
			buildPhases = (
				5D0E7B2E1D5479C30017879D /* Sources */,
				5D0E7B2F1D5479C30017879D /* Frameworks */,
				5D0E7B301D5479C30017879D /* Resources */,
			);
			buildRules = (
			);
			dependencies = (
			);
			name = Calculator;
			productName = Calculator;
			productReference = 5D0E7B321D5479C30017879D /* Calculator.app */;
			productType = "com.apple.product-type.application";
		};
/* End PBXNativeTarget section */

/* Begin PBXProject section */
		5D0E7B2A1D5479C30017879D /* Project object */ = {
			isa = PBXProject;
			attributes = {
				LastUpgradeCheck = 0730;
				ORGANIZATIONNAME = "Peter Hsu";
				TargetAttributes = {
					5D0E7B311D5479C30017879D = {
						CreatedOnToolsVersion = 7.3;
					};
				};
			};
			buildConfigurationList = 5D0E7B2D1D5479C30017879D /* Build configuration list for PBXProject "Calculator" */;
			compatibilityVersion = "Xcode 3.2";
			developmentRegion = English;
			hasScannedForEncodings = 0;
			knownRegions = (
				en,
				Base,
			);
			mainGroup = 5D0E7B291D5479C30017879D;
			productRefGroup = 5D0E7B331D5479C30017879D /* Products */;
			projectDirPath = "";
			projectRoot = "";
			targets = (
				5D0E7B311D5479C30017879D /* Calculator */,
			);
		};
/* End PBXProject section */

/* Begin PBXResourcesBuildPhase section */
		5D0E7B301D5479C30017879D /* Resources */ = {
			isa = PBXResourcesBuildPhase;
			buildActionMask = 2147483647;
			files = (
				5D0E7B451D5479C30017879D /* LaunchScreen.storyboard in Resources */,
				5D0E7B421D5479C30017879D /* Assets.xcassets in Resources */,
				5D0E7B401D5479C30017879D /* Main.storyboard in Resources */,
			);
			runOnlyForDeploymentPostprocessing = 0;
		};
/* End PBXResourcesBuildPhase section */

/* Begin PBXSourcesBuildPhase section */
		5D0E7B2E1D5479C30017879D /* Sources */ = {
			isa = PBXSourcesBuildPhase;
			buildActionMask = 2147483647;
			files = (
				5D0E7B3D1D5479C30017879D /* ViewController.m in Sources */,
				5D0E7B4E1D547EE10017879D /* Calculator.m in Sources */,
				5D0E7B3A1D5479C30017879D /* AppDelegate.m in Sources */,
				5D0E7B511D5493980017879D /* YORect.m in Sources */,
				5D0E7B371D5479C30017879D /* main.m in Sources */,
				5D0E7B541D55CD1C0017879D /* Storage.m in Sources */,
			);
			runOnlyForDeploymentPostprocessing = 0;
		};
/* End PBXSourcesBuildPhase section */

/* Begin PBXVariantGroup section */
		5D0E7B3E1D5479C30017879D /* Main.storyboard */ = {
			isa = PBXVariantGroup;
			children = (
				5D0E7B3F1D5479C30017879D /* Base */,
			);
			name = Main.storyboard;
			sourceTree = "<group>";
		};
		5D0E7B431D5479C30017879D /* LaunchScreen.storyboard */ = {
			isa = PBXVariantGroup;
			children = (
				5D0E7B441D5479C30017879D /* Base */,
			);
			name = LaunchScreen.storyboard;
			sourceTree = "<group>";
		};
/* End PBXVariantGroup section */

/* Begin XCBuildConfiguration section */
		5D0E7B471D5479C30017879D /* Debug */ = {
			isa = XCBuildConfiguration;
			buildSettings = {
				ALWAYS_SEARCH_USER_PATHS = NO;
				CLANG_ANALYZER_NONNULL = YES;
				CLANG_CXX_LANGUAGE_STANDARD = "gnu++0x";
				CLANG_CXX_LIBRARY = "libc++";
				CLANG_ENABLE_MODULES = YES;
				CLANG_ENABLE_OBJC_ARC = YES;
				CLANG_WARN_BOOL_CONVERSION = YES;
				CLANG_WARN_CONSTANT_CONVERSION = YES;
				CLANG_WARN_DIRECT_OBJC_ISA_USAGE = YES_ERROR;
				CLANG_WARN_EMPTY_BODY = YES;
				CLANG_WARN_ENUM_CONVERSION = YES;
				CLANG_WARN_INT_CONVERSION = YES;
				CLANG_WARN_OBJC_ROOT_CLASS = YES_ERROR;
				CLANG_WARN_UNREACHABLE_CODE = YES;
				CLANG_WARN__DUPLICATE_METHOD_MATCH = YES;
				"CODE_SIGN_IDENTITY[sdk=iphoneos*]" = "iPhone Developer";
				COPY_PHASE_STRIP = NO;
				DEBUG_INFORMATION_FORMAT = dwarf;
				ENABLE_STRICT_OBJC_MSGSEND = YES;
				ENABLE_TESTABILITY = YES;
				GCC_C_LANGUAGE_STANDARD = gnu99;
				GCC_DYNAMIC_NO_PIC = NO;
				GCC_NO_COMMON_BLOCKS = YES;
				GCC_OPTIMIZATION_LEVEL = 0;
				GCC_PREPROCESSOR_DEFINITIONS = (
					"DEBUG=1",
					"$(inherited)",
				);
				GCC_WARN_64_TO_32_BIT_CONVERSION = YES;
				GCC_WARN_ABOUT_RETURN_TYPE = YES_ERROR;
				GCC_WARN_UNDECLARED_SELECTOR = YES;
				GCC_WARN_UNINITIALIZED_AUTOS = YES_AGGRESSIVE;
				GCC_WARN_UNUSED_FUNCTION = YES;
				GCC_WARN_UNUSED_VARIABLE = YES;
				IPHONEOS_DEPLOYMENT_TARGET = 9.3;
				MTL_ENABLE_DEBUG_INFO = YES;
				ONLY_ACTIVE_ARCH = YES;
				SDKROOT = iphoneos;
				TARGETED_DEVICE_FAMILY = "1,2";
			};
			name = Debug;
		};
		5D0E7B481D5479C30017879D /* Release */ = {
			isa = XCBuildConfiguration;
			buildSettings = {
				ALWAYS_SEARCH_USER_PATHS = NO;
				CLANG_ANALYZER_NONNULL = YES;
				CLANG_CXX_LANGUAGE_STANDARD = "gnu++0x";
				CLANG_CXX_LIBRARY = "libc++";
				CLANG_ENABLE_MODULES = YES;
				CLANG_ENABLE_OBJC_ARC = YES;
				CLANG_WARN_BOOL_CONVERSION = YES;
				CLANG_WARN_CONSTANT_CONVERSION = YES;
				CLANG_WARN_DIRECT_OBJC_ISA_USAGE = YES_ERROR;
				CLANG_WARN_EMPTY_BODY = YES;
				CLANG_WARN_ENUM_CONVERSION = YES;
				CLANG_WARN_INT_CONVERSION = YES;
				CLANG_WARN_OBJC_ROOT_CLASS = YES_ERROR;
				CLANG_WARN_UNREACHABLE_CODE = YES;
				CLANG_WARN__DUPLICATE_METHOD_MATCH = YES;
				"CODE_SIGN_IDENTITY[sdk=iphoneos*]" = "iPhone Developer";
				COPY_PHASE_STRIP = NO;
				DEBUG_INFORMATION_FORMAT = "dwarf-with-dsym";
				ENABLE_NS_ASSERTIONS = NO;
				ENABLE_STRICT_OBJC_MSGSEND = YES;
				GCC_C_LANGUAGE_STANDARD = gnu99;
				GCC_NO_COMMON_BLOCKS = YES;
				GCC_WARN_64_TO_32_BIT_CONVERSION = YES;
				GCC_WARN_ABOUT_RETURN_TYPE = YES_ERROR;
				GCC_WARN_UNDECLARED_SELECTOR = YES;
				GCC_WARN_UNINITIALIZED_AUTOS = YES_AGGRESSIVE;
				GCC_WARN_UNUSED_FUNCTION = YES;
				GCC_WARN_UNUSED_VARIABLE = YES;
				IPHONEOS_DEPLOYMENT_TARGET = 9.3;
				MTL_ENABLE_DEBUG_INFO = NO;
				SDKROOT = iphoneos;
				TARGETED_DEVICE_FAMILY = "1,2";
				VALIDATE_PRODUCT = YES;
			};
			name = Release;
		};
		5D0E7B4A1D5479C30017879D /* Debug */ = {
			isa = XCBuildConfiguration;
			buildSettings = {
				ASSETCATALOG_COMPILER_APPICON_NAME = AppIcon;
				INFOPLIST_FILE = Calculator/Info.plist;
				LD_RUNPATH_SEARCH_PATHS = "$(inherited) @executable_path/Frameworks";
				PRODUCT_BUNDLE_IDENTIFIER = com.peter.Calculator;
				PRODUCT_NAME = "$(TARGET_NAME)";
			};
			name = Debug;
		};
		5D0E7B4B1D5479C30017879D /* Release */ = {
			isa = XCBuildConfiguration;
			buildSettings = {
				ASSETCATALOG_COMPILER_APPICON_NAME = AppIcon;
				INFOPLIST_FILE = Calculator/Info.plist;
				LD_RUNPATH_SEARCH_PATHS = "$(inherited) @executable_path/Frameworks";
				PRODUCT_BUNDLE_IDENTIFIER = com.peter.Calculator;
				PRODUCT_NAME = "$(TARGET_NAME)";
			};
			name = Release;
		};
/* End XCBuildConfiguration section */

/* Begin XCConfigurationList section */
		5D0E7B2D1D5479C30017879D /* Build configuration list for PBXProject "Calculator" */ = {
			isa = XCConfigurationList;
			buildConfigurations = (
				5D0E7B471D5479C30017879D /* Debug */,
				5D0E7B481D5479C30017879D /* Release */,
			);
			defaultConfigurationIsVisible = 0;
			defaultConfigurationName = Release;
		};
		5D0E7B491D5479C30017879D /* Build configuration list for PBXNativeTarget "Calculator" */ = {
			isa = XCConfigurationList;
			buildConfigurations = (
				5D0E7B4A1D5479C30017879D /* Debug */,
				5D0E7B4B1D5479C30017879D /* Release */,
			);
			defaultConfigurationIsVisible = 0;
		};
/* End XCConfigurationList section */
	};
	rootObject = 5D0E7B2A1D5479C30017879D /* Project object */;
}
